
Microsoft Visual Studio Solution File, Format Version 12.00
# Visual Studio Version 16
VisualStudioVersion = 25.0.1706.7
MinimumVisualStudioVersion = 10.0.40219.1
Project("{FAE04EC0-301F-11D3-BF4B-00C04F79EFBC}") = "PotsAndPlans.API", "PotsAndPlans.API\PotsAndPlans.API.csproj", "{025F4AAF-5300-4572-BF2B-73D8826979E1}"
EndProject
Global
	GlobalSection(SolutionConfigurationPlatforms) = preSolution
		Debug|Any CPU = Debug|Any CPU
		Release|Any CPU = Release|Any CPU
	EndGlobalSection
	GlobalSection(ProjectConfigurationPlatforms) = postSolution
		{025F4AAF-5300-4572-BF2B-73D8826979E1}.Debug|Any CPU.ActiveCfg = Debug|Any CPU
		{025F4AAF-5300-4572-BF2B-73D8826979E1}.Debug|Any CPU.Build.0 = Debug|Any CPU
		{025F4AAF-5300-4572-BF2B-73D8826979E1}.Release|Any CPU.ActiveCfg = Release|Any CPU
		{025F4AAF-5300-4572-BF2B-73D8826979E1}.Release|Any CPU.Build.0 = Release|Any CPU
	EndGlobalSection
	GlobalSection(SolutionProperties) = preSolution
		HideSolutionNode = FALSE
	EndGlobalSection
	GlobalSection(ExtensibilityGlobals) = postSolution
		SolutionGuid = {AFC96049-99D1-4AA4-8BDF-3C6C60510DBB}
	EndGlobalSection
EndGlobal
