
Microsoft Visual Studio Solution File, Format Version 12.00
# Visual Studio Version 16
VisualStudioVersion = 25.0.1706.7
MinimumVisualStudioVersion = 10.0.40219.1
Project("{FAE04EC0-301F-11D3-BF4B-00C04F79EFBC}") = "PotsAndPlans.API", "PotsAndPlans.API.csproj", "{668CA1BC-BC7F-4AB8-BCE3-0E7F8AEC71DB}"
EndProject
Global
	GlobalSection(SolutionConfigurationPlatforms) = preSolution
		Debug|Any CPU = Debug|Any CPU
		Release|Any CPU = Release|Any CPU
	EndGlobalSection
	GlobalSection(ProjectConfigurationPlatforms) = postSolution
		{668CA1BC-BC7F-4AB8-BCE3-0E7F8AEC71DB}.Debug|Any CPU.ActiveCfg = Debug|Any CPU
		{668CA1BC-BC7F-4AB8-BCE3-0E7F8AEC71DB}.Debug|Any CPU.Build.0 = Debug|Any CPU
		{668CA1BC-BC7F-4AB8-BCE3-0E7F8AEC71DB}.Release|Any CPU.ActiveCfg = Release|Any CPU
		{668CA1BC-BC7F-4AB8-BCE3-0E7F8AEC71DB}.Release|Any CPU.Build.0 = Release|Any CPU
	EndGlobalSection
	GlobalSection(SolutionProperties) = preSolution
		HideSolutionNode = FALSE
	EndGlobalSection
	GlobalSection(ExtensibilityGlobals) = postSolution
		SolutionGuid = {E6EC562B-8523-41D2-97B6-56EAA999075E}
	EndGlobalSection
EndGlobal
